
Microsoft Visual Studio Solution File, Format Version 12.00
# Visual Studio 2012
Project("{070BCB52-5A75-4F8C-A973-144AF0EAFCC9}") = "LifeLine-Connect", "LifeLine-Connect\LifeLine-Connect.iceproj", "{6A7CEA59-F5C3-474E-A16D-780BD8170E40}"
EndProject
Global
	GlobalSection(SolutionConfigurationPlatforms) = preSolution
		Debug|Any CPU = Debug|Any CPU
		Release|Any CPU = Release|Any CPU
	EndGlobalSection
	GlobalSection(ProjectConfigurationPlatforms) = postSolution
		{6A7CEA59-F5C3-474E-A16D-780BD8170E40}.Debug|Any CPU.ActiveCfg = Debug|Any CPU
		{6A7CEA59-F5C3-474E-A16D-780BD8170E40}.Debug|Any CPU.Build.0 = Debug|Any CPU
		{6A7CEA59-F5C3-474E-A16D-780BD8170E40}.Release|Any CPU.ActiveCfg = Release|Any CPU
		{6A7CEA59-F5C3-474E-A16D-780BD8170E40}.Release|Any CPU.Build.0 = Release|Any CPU
	EndGlobalSection
	GlobalSection(SolutionProperties) = preSolution
		HideSolutionNode = FALSE
	EndGlobalSection
EndGlobal
